
Microsoft Visual Studio Solution File, Format Version 12.00
# Visual Studio Version 17
VisualStudioVersion = 17.4.33110.190
MinimumVisualStudioVersion = 10.0.40219.1
Project("{9A19103F-16F7-4668-BE54-9A1E7A4F7556}") = "HotelListing.API", "HotelListing.API\HotelListing.API.csproj", "{8A6B0DD9-4E57-41A4-AA37-98B4BEC0D6F7}"
EndProject
Project("{9A19103F-16F7-4668-BE54-9A1E7A4F7556}") = "HotelListing.Api.Data", "HotelListing.Api.Data\HotelListing.Api.Data.csproj", "{F0116624-5978-4743-859B-974E89266BEE}"
EndProject
Project("{FAE04EC0-301F-11D3-BF4B-00C04F79EFBC}") = "HotelListing.Api.Core", "HotelListing.Api.Core\HotelListing.Api.Core.csproj", "{30AC0450-DE78-4E3E-923A-FA379C923DAD}"
EndProject
Global
	GlobalSection(SolutionConfigurationPlatforms) = preSolution
		Debug|Any CPU = Debug|Any CPU
		Release|Any CPU = Release|Any CPU
	EndGlobalSection
	GlobalSection(ProjectConfigurationPlatforms) = postSolution
		{8A6B0DD9-4E57-41A4-AA37-98B4BEC0D6F7}.Debug|Any CPU.ActiveCfg = Debug|Any CPU
		{8A6B0DD9-4E57-41A4-AA37-98B4BEC0D6F7}.Debug|Any CPU.Build.0 = Debug|Any CPU
		{8A6B0DD9-4E57-41A4-AA37-98B4BEC0D6F7}.Release|Any CPU.ActiveCfg = Release|Any CPU
		{8A6B0DD9-4E57-41A4-AA37-98B4BEC0D6F7}.Release|Any CPU.Build.0 = Release|Any CPU
		{F0116624-5978-4743-859B-974E89266BEE}.Debug|Any CPU.ActiveCfg = Debug|Any CPU
		{F0116624-5978-4743-859B-974E89266BEE}.Debug|Any CPU.Build.0 = Debug|Any CPU
		{F0116624-5978-4743-859B-974E89266BEE}.Release|Any CPU.ActiveCfg = Release|Any CPU
		{F0116624-5978-4743-859B-974E89266BEE}.Release|Any CPU.Build.0 = Release|Any CPU
		{30AC0450-DE78-4E3E-923A-FA379C923DAD}.Debug|Any CPU.ActiveCfg = Debug|Any CPU
		{30AC0450-DE78-4E3E-923A-FA379C923DAD}.Debug|Any CPU.Build.0 = Debug|Any CPU
		{30AC0450-DE78-4E3E-923A-FA379C923DAD}.Release|Any CPU.ActiveCfg = Release|Any CPU
		{30AC0450-DE78-4E3E-923A-FA379C923DAD}.Release|Any CPU.Build.0 = Release|Any CPU
	EndGlobalSection
	GlobalSection(SolutionProperties) = preSolution
		HideSolutionNode = FALSE
	EndGlobalSection
	GlobalSection(ExtensibilityGlobals) = postSolution
		SolutionGuid = {5CB7A3EB-E959-4746-A4DD-DB9DA1D1FAE1}
	EndGlobalSection
EndGlobal
